
Microsoft Visual Studio Solution File, Format Version 12.00
# Visual Studio Version 16
VisualStudioVersion = 16.0.29613.14
MinimumVisualStudioVersion = 10.0.40219.1
Project("{FAE04EC0-301F-11D3-BF4B-00C04F79EFBC}") = "MAERSK.ServiceDelivery.CodeChallenge.APIs", "MAERSK.ServiceDelivery.CodeChallenge.APIs\MAERSK.ServiceDelivery.CodeChallenge.APIs.csproj", "{D325DBB0-3639-4279-A86A-7E92B6B34015}"
EndProject
Project("{FAE04EC0-301F-11D3-BF4B-00C04F79EFBC}") = "MAERSK.ServiceDelivery.CodeChallenge.UnitTests", "MAERSK.ServiceDelivery.CodeChallenge.UnitTests\MAERSK.ServiceDelivery.CodeChallenge.UnitTests.csproj", "{9E375833-A88C-4B3A-8CC0-4312689159C5}"
EndProject
Project("{2150E333-8FDC-42A3-9474-1A3956D46DE8}") = "SolutionItems", "SolutionItems", "{076F1952-A56B-4BF5-AE0C-CBD80EC419B6}"
	ProjectSection(SolutionItems) = preProject
		README.md = README.md
	EndProjectSection
EndProject
Global
	GlobalSection(SolutionConfigurationPlatforms) = preSolution
		Debug|Any CPU = Debug|Any CPU
		Release|Any CPU = Release|Any CPU
	EndGlobalSection
	GlobalSection(ProjectConfigurationPlatforms) = postSolution
		{D325DBB0-3639-4279-A86A-7E92B6B34015}.Debug|Any CPU.ActiveCfg = Debug|Any CPU
		{D325DBB0-3639-4279-A86A-7E92B6B34015}.Debug|Any CPU.Build.0 = Debug|Any CPU
		{D325DBB0-3639-4279-A86A-7E92B6B34015}.Release|Any CPU.ActiveCfg = Release|Any CPU
		{D325DBB0-3639-4279-A86A-7E92B6B34015}.Release|Any CPU.Build.0 = Release|Any CPU
		{9E375833-A88C-4B3A-8CC0-4312689159C5}.Debug|Any CPU.ActiveCfg = Debug|Any CPU
		{9E375833-A88C-4B3A-8CC0-4312689159C5}.Debug|Any CPU.Build.0 = Debug|Any CPU
		{9E375833-A88C-4B3A-8CC0-4312689159C5}.Release|Any CPU.ActiveCfg = Release|Any CPU
		{9E375833-A88C-4B3A-8CC0-4312689159C5}.Release|Any CPU.Build.0 = Release|Any CPU
	EndGlobalSection
	GlobalSection(SolutionProperties) = preSolution
		HideSolutionNode = FALSE
	EndGlobalSection
	GlobalSection(ExtensibilityGlobals) = postSolution
		SolutionGuid = {60F36C67-DA25-4004-B079-E7948932FE46}
	EndGlobalSection
EndGlobal
